// !$*UTF8*$!
{
	archiveVersion = 1;
	classes = {
	};
	objectVersion = 55;
	objects = {

/* Begin PBXBuildFile section */
		01153759287C0F0D003D663D /* AuthenticationViewController.swift in Sources */ = {isa = PBXBuildFile; fileRef = 01153758287C0F0D003D663D /* AuthenticationViewController.swift */; };
		0115375B287C0F21003D663D /* AuthWebViewViewController.swift in Sources */ = {isa = PBXBuildFile; fileRef = 0115375A287C0F21003D663D /* AuthWebViewViewController.swift */; };
		0115375D287C4627003D663D /* TokenModel.swift in Sources */ = {isa = PBXBuildFile; fileRef = 0115375C287C4627003D663D /* TokenModel.swift */; };
		0115375F287C46A1003D663D /* String+Extensions.swift in Sources */ = {isa = PBXBuildFile; fileRef = 0115375E287C46A1003D663D /* String+Extensions.swift */; };
		01153762287C4EA6003D663D /* BaseViewController.swift in Sources */ = {isa = PBXBuildFile; fileRef = 01153761287C4EA6003D663D /* BaseViewController.swift */; };
		01153765287C5390003D663D /* Search.storyboard in Resources */ = {isa = PBXBuildFile; fileRef = 01153764287C5390003D663D /* Search.storyboard */; };
		01153767287C53A3003D663D /* SearchViewController.swift in Sources */ = {isa = PBXBuildFile; fileRef = 01153766287C53A3003D663D /* SearchViewController.swift */; };
		0115376A287C57A0003D663D /* SearchRepository.swift in Sources */ = {isa = PBXBuildFile; fileRef = 01153769287C57A0003D663D /* SearchRepository.swift */; };
		0115376C287C5D1E003D663D /* SearchModel.swift in Sources */ = {isa = PBXBuildFile; fileRef = 0115376B287C5D1E003D663D /* SearchModel.swift */; };
		0115376E287C6082003D663D /* SearchViewModel.swift in Sources */ = {isa = PBXBuildFile; fileRef = 0115376D287C6082003D663D /* SearchViewModel.swift */; };
		012D548A287BF2A7004ABFD5 /* AppDelegate.swift in Sources */ = {isa = PBXBuildFile; fileRef = 012D5489287BF2A7004ABFD5 /* AppDelegate.swift */; };
		012D5491287BF2A7004ABFD5 /* Main.storyboard in Resources */ = {isa = PBXBuildFile; fileRef = 012D548F287BF2A7004ABFD5 /* Main.storyboard */; };
		012D5493287BF2A9004ABFD5 /* Assets.xcassets in Resources */ = {isa = PBXBuildFile; fileRef = 012D5492287BF2A9004ABFD5 /* Assets.xcassets */; };
		012D5496287BF2A9004ABFD5 /* LaunchScreen.storyboard in Resources */ = {isa = PBXBuildFile; fileRef = 012D5494287BF2A9004ABFD5 /* LaunchScreen.storyboard */; };
		012D54AB287BF780004ABFD5 /* MimeType.swift in Sources */ = {isa = PBXBuildFile; fileRef = 012D54A6287BF780004ABFD5 /* MimeType.swift */; };
		012D54AC287BF780004ABFD5 /* RetrieInterceptor.swift in Sources */ = {isa = PBXBuildFile; fileRef = 012D54A7287BF780004ABFD5 /* RetrieInterceptor.swift */; };
		012D54AD287BF780004ABFD5 /* APIClient.swift in Sources */ = {isa = PBXBuildFile; fileRef = 012D54A8287BF780004ABFD5 /* APIClient.swift */; };
		012D54AE287BF780004ABFD5 /* NetworkRouter.swift in Sources */ = {isa = PBXBuildFile; fileRef = 012D54A9287BF780004ABFD5 /* NetworkRouter.swift */; };
		012D54AF287BF780004ABFD5 /* ClientError.swift in Sources */ = {isa = PBXBuildFile; fileRef = 012D54AA287BF780004ABFD5 /* ClientError.swift */; };
		012D54B4287BF804004ABFD5 /* UIViewController+Extensions.swift in Sources */ = {isa = PBXBuildFile; fileRef = 012D54B3287BF804004ABFD5 /* UIViewController+Extensions.swift */; };
		012D54B6287BF821004ABFD5 /* UIView+Extensions.swift in Sources */ = {isa = PBXBuildFile; fileRef = 012D54B5287BF821004ABFD5 /* UIView+Extensions.swift */; };
		012D54B8287BF840004ABFD5 /* UITextfield+Extensions.swift in Sources */ = {isa = PBXBuildFile; fileRef = 012D54B7287BF840004ABFD5 /* UITextfield+Extensions.swift */; };
		012D54BA287BF8C7004ABFD5 /* NetworkServices.swift in Sources */ = {isa = PBXBuildFile; fileRef = 012D54B9287BF8C7004ABFD5 /* NetworkServices.swift */; };
		012D54BC287BF8E2004ABFD5 /* SpotifyAuthRepository.swift in Sources */ = {isa = PBXBuildFile; fileRef = 012D54BB287BF8E2004ABFD5 /* SpotifyAuthRepository.swift */; };
		012D54BF287BFB1E004ABFD5 /* UserInfoModel.swift in Sources */ = {isa = PBXBuildFile; fileRef = 012D54BE287BFB1E004ABFD5 /* UserInfoModel.swift */; };
		012D54C3287BFC75004ABFD5 /* AuthenticationViewModel.swift in Sources */ = {isa = PBXBuildFile; fileRef = 012D54C2287BFC75004ABFD5 /* AuthenticationViewModel.swift */; };
		012D54C6287BFD05004ABFD5 /* Constants.swift in Sources */ = {isa = PBXBuildFile; fileRef = 012D54C5287BFD05004ABFD5 /* Constants.swift */; };
		B70D815830035FE66B83E72E /* Pods_Spotifier.framework in Frameworks */ = {isa = PBXBuildFile; fileRef = CB9925745D381F5C55B39B6F /* Pods_Spotifier.framework */; };
/* End PBXBuildFile section */

/* Begin PBXFileReference section */
		01153758287C0F0D003D663D /* AuthenticationViewController.swift */ = {isa = PBXFileReference; lastKnownFileType = sourcecode.swift; path = AuthenticationViewController.swift; sourceTree = "<group>"; };
		0115375A287C0F21003D663D /* AuthWebViewViewController.swift */ = {isa = PBXFileReference; lastKnownFileType = sourcecode.swift; path = AuthWebViewViewController.swift; sourceTree = "<group>"; };
		0115375C287C4627003D663D /* TokenModel.swift */ = {isa = PBXFileReference; lastKnownFileType = sourcecode.swift; path = TokenModel.swift; sourceTree = "<group>"; };
		0115375E287C46A1003D663D /* String+Extensions.swift */ = {isa = PBXFileReference; lastKnownFileType = sourcecode.swift; path = "String+Extensions.swift"; sourceTree = "<group>"; };
		01153761287C4EA6003D663D /* BaseViewController.swift */ = {isa = PBXFileReference; lastKnownFileType = sourcecode.swift; path = BaseViewController.swift; sourceTree = "<group>"; };
		01153764287C5390003D663D /* Search.storyboard */ = {isa = PBXFileReference; lastKnownFileType = file.storyboard; path = Search.storyboard; sourceTree = "<group>"; };
		01153766287C53A3003D663D /* SearchViewController.swift */ = {isa = PBXFileReference; lastKnownFileType = sourcecode.swift; path = SearchViewController.swift; sourceTree = "<group>"; };
		01153769287C57A0003D663D /* SearchRepository.swift */ = {isa = PBXFileReference; lastKnownFileType = sourcecode.swift; path = SearchRepository.swift; sourceTree = "<group>"; };
		0115376B287C5D1E003D663D /* SearchModel.swift */ = {isa = PBXFileReference; lastKnownFileType = sourcecode.swift; path = SearchModel.swift; sourceTree = "<group>"; };
		0115376D287C6082003D663D /* SearchViewModel.swift */ = {isa = PBXFileReference; lastKnownFileType = sourcecode.swift; path = SearchViewModel.swift; sourceTree = "<group>"; };
		012D5486287BF2A7004ABFD5 /* Spotifier.app */ = {isa = PBXFileReference; explicitFileType = wrapper.application; includeInIndex = 0; path = Spotifier.app; sourceTree = BUILT_PRODUCTS_DIR; };
		012D5489287BF2A7004ABFD5 /* AppDelegate.swift */ = {isa = PBXFileReference; lastKnownFileType = sourcecode.swift; path = AppDelegate.swift; sourceTree = "<group>"; };
		012D5490287BF2A7004ABFD5 /* Base */ = {isa = PBXFileReference; lastKnownFileType = file.storyboard; name = Base; path = Base.lproj/Main.storyboard; sourceTree = "<group>"; };
		012D5492287BF2A9004ABFD5 /* Assets.xcassets */ = {isa = PBXFileReference; lastKnownFileType = folder.assetcatalog; path = Assets.xcassets; sourceTree = "<group>"; };
		012D5495287BF2A9004ABFD5 /* Base */ = {isa = PBXFileReference; lastKnownFileType = file.storyboard; name = Base; path = Base.lproj/LaunchScreen.storyboard; sourceTree = "<group>"; };
		012D5497287BF2A9004ABFD5 /* Info.plist */ = {isa = PBXFileReference; lastKnownFileType = text.plist.xml; path = Info.plist; sourceTree = "<group>"; };
		012D54A6287BF780004ABFD5 /* MimeType.swift */ = {isa = PBXFileReference; fileEncoding = 4; lastKnownFileType = sourcecode.swift; path = MimeType.swift; sourceTree = "<group>"; };
		012D54A7287BF780004ABFD5 /* RetrieInterceptor.swift */ = {isa = PBXFileReference; fileEncoding = 4; lastKnownFileType = sourcecode.swift; path = RetrieInterceptor.swift; sourceTree = "<group>"; };
		012D54A8287BF780004ABFD5 /* APIClient.swift */ = {isa = PBXFileReference; fileEncoding = 4; lastKnownFileType = sourcecode.swift; path = APIClient.swift; sourceTree = "<group>"; };
		012D54A9287BF780004ABFD5 /* NetworkRouter.swift */ = {isa = PBXFileReference; fileEncoding = 4; lastKnownFileType = sourcecode.swift; path = NetworkRouter.swift; sourceTree = "<group>"; };
		012D54AA287BF780004ABFD5 /* ClientError.swift */ = {isa = PBXFileReference; fileEncoding = 4; lastKnownFileType = sourcecode.swift; path = ClientError.swift; sourceTree = "<group>"; };
		012D54B3287BF804004ABFD5 /* UIViewController+Extensions.swift */ = {isa = PBXFileReference; lastKnownFileType = sourcecode.swift; path = "UIViewController+Extensions.swift"; sourceTree = "<group>"; };
		012D54B5287BF821004ABFD5 /* UIView+Extensions.swift */ = {isa = PBXFileReference; lastKnownFileType = sourcecode.swift; path = "UIView+Extensions.swift"; sourceTree = "<group>"; };
		012D54B7287BF840004ABFD5 /* UITextfield+Extensions.swift */ = {isa = PBXFileReference; lastKnownFileType = sourcecode.swift; path = "UITextfield+Extensions.swift"; sourceTree = "<group>"; };
		012D54B9287BF8C7004ABFD5 /* NetworkServices.swift */ = {isa = PBXFileReference; lastKnownFileType = sourcecode.swift; path = NetworkServices.swift; sourceTree = "<group>"; };
		012D54BB287BF8E2004ABFD5 /* SpotifyAuthRepository.swift */ = {isa = PBXFileReference; lastKnownFileType = sourcecode.swift; path = SpotifyAuthRepository.swift; sourceTree = "<group>"; };
		012D54BE287BFB1E004ABFD5 /* UserInfoModel.swift */ = {isa = PBXFileReference; lastKnownFileType = sourcecode.swift; path = UserInfoModel.swift; sourceTree = "<group>"; };
		012D54C2287BFC75004ABFD5 /* AuthenticationViewModel.swift */ = {isa = PBXFileReference; lastKnownFileType = sourcecode.swift; path = AuthenticationViewModel.swift; sourceTree = "<group>"; };
		012D54C5287BFD05004ABFD5 /* Constants.swift */ = {isa = PBXFileReference; lastKnownFileType = sourcecode.swift; path = Constants.swift; sourceTree = "<group>"; };
		5991B37FB89BBF9F8863030D /* Pods-Spotifier.debug.xcconfig */ = {isa = PBXFileReference; includeInIndex = 1; lastKnownFileType = text.xcconfig; name = "Pods-Spotifier.debug.xcconfig"; path = "Target Support Files/Pods-Spotifier/Pods-Spotifier.debug.xcconfig"; sourceTree = "<group>"; };
		CB9925745D381F5C55B39B6F /* Pods_Spotifier.framework */ = {isa = PBXFileReference; explicitFileType = wrapper.framework; includeInIndex = 0; path = Pods_Spotifier.framework; sourceTree = BUILT_PRODUCTS_DIR; };
		F37A572C7E11CD2289D951AD /* Pods-Spotifier.release.xcconfig */ = {isa = PBXFileReference; includeInIndex = 1; lastKnownFileType = text.xcconfig; name = "Pods-Spotifier.release.xcconfig"; path = "Target Support Files/Pods-Spotifier/Pods-Spotifier.release.xcconfig"; sourceTree = "<group>"; };
/* End PBXFileReference section */

/* Begin PBXFrameworksBuildPhase section */
		012D5483287BF2A7004ABFD5 /* Frameworks */ = {
			isa = PBXFrameworksBuildPhase;
			buildActionMask = 2147483647;
			files = (
				B70D815830035FE66B83E72E /* Pods_Spotifier.framework in Frameworks */,
			);
			runOnlyForDeploymentPostprocessing = 0;
		};
/* End PBXFrameworksBuildPhase section */

/* Begin PBXGroup section */
		01153756287C02A9003D663D /* Controllers */ = {
			isa = PBXGroup;
			children = (
				01153763287C537A003D663D /* Search */,
				01153757287C02B3003D663D /* Authentication */,
			);
			path = Controllers;
			sourceTree = "<group>";
		};
		01153757287C02B3003D663D /* Authentication */ = {
			isa = PBXGroup;
			children = (
				01153758287C0F0D003D663D /* AuthenticationViewController.swift */,
				0115375A287C0F21003D663D /* AuthWebViewViewController.swift */,
			);
			path = Authentication;
			sourceTree = "<group>";
		};
		01153760287C4E99003D663D /* Base */ = {
			isa = PBXGroup;
			children = (
				01153761287C4EA6003D663D /* BaseViewController.swift */,
			);
			path = Base;
			sourceTree = "<group>";
		};
		01153763287C537A003D663D /* Search */ = {
			isa = PBXGroup;
			children = (
				01153768287C53AE003D663D /* XIB */,
				01153764287C5390003D663D /* Search.storyboard */,
				01153766287C53A3003D663D /* SearchViewController.swift */,
			);
			path = Search;
			sourceTree = "<group>";
		};
		01153768287C53AE003D663D /* XIB */ = {
			isa = PBXGroup;
			children = (
			);
			path = XIB;
			sourceTree = "<group>";
		};
		012D547D287BF2A7004ABFD5 = {
			isa = PBXGroup;
			children = (
				012D5488287BF2A7004ABFD5 /* Spotifier */,
				012D5487287BF2A7004ABFD5 /* Products */,
				519A73B223CF0798D2E9D881 /* Pods */,
				0FAB55AB2670731AF8027B9E /* Frameworks */,
			);
			sourceTree = "<group>";
		};
		012D5487287BF2A7004ABFD5 /* Products */ = {
			isa = PBXGroup;
			children = (
				012D5486287BF2A7004ABFD5 /* Spotifier.app */,
			);
			name = Products;
			sourceTree = "<group>";
		};
		012D5488287BF2A7004ABFD5 /* Spotifier */ = {
			isa = PBXGroup;
			children = (
				01153760287C4E99003D663D /* Base */,
				012D549E287BF6EB004ABFD5 /* Assets */,
				012D54A2287BF714004ABFD5 /* Application */,
				012D54C4287BFCF3004ABFD5 /* Constants */,
				012D54BD287BFB0C004ABFD5 /* Models */,
				012D549F287BF6F8004ABFD5 /* Extensions */,
				012D54A3287BF721004ABFD5 /* ViewModels */,
				012D549D287BF6E2004ABFD5 /* Network */,
				01153756287C02A9003D663D /* Controllers */,
				012D548F287BF2A7004ABFD5 /* Main.storyboard */,
				012D5497287BF2A9004ABFD5 /* Info.plist */,
			);
			path = Spotifier;
			sourceTree = "<group>";
		};
		012D549D287BF6E2004ABFD5 /* Network */ = {
			isa = PBXGroup;
			children = (
				012D54B2287BF7CB004ABFD5 /* Core */,
				012D54B1287BF7C4004ABFD5 /* Services */,
				012D54B0287BF7BB004ABFD5 /* Repositories */,
			);
			path = Network;
			sourceTree = "<group>";
		};
		012D549E287BF6EB004ABFD5 /* Assets */ = {
			isa = PBXGroup;
			children = (
				012D5492287BF2A9004ABFD5 /* Assets.xcassets */,
				012D5494287BF2A9004ABFD5 /* LaunchScreen.storyboard */,
			);
			path = Assets;
			sourceTree = "<group>";
		};
		012D549F287BF6F8004ABFD5 /* Extensions */ = {
			isa = PBXGroup;
			children = (
				012D54B3287BF804004ABFD5 /* UIViewController+Extensions.swift */,
				012D54B5287BF821004ABFD5 /* UIView+Extensions.swift */,
				012D54B7287BF840004ABFD5 /* UITextfield+Extensions.swift */,
				0115375E287C46A1003D663D /* String+Extensions.swift */,
			);
			path = Extensions;
			sourceTree = "<group>";
		};
		012D54A2287BF714004ABFD5 /* Application */ = {
			isa = PBXGroup;
			children = (
				012D5489287BF2A7004ABFD5 /* AppDelegate.swift */,
			);
			path = Application;
			sourceTree = "<group>";
		};
		012D54A3287BF721004ABFD5 /* ViewModels */ = {
			isa = PBXGroup;
			children = (
				012D54C2287BFC75004ABFD5 /* AuthenticationViewModel.swift */,
				0115376D287C6082003D663D /* SearchViewModel.swift */,
			);
			path = ViewModels;
			sourceTree = "<group>";
		};
		012D54B0287BF7BB004ABFD5 /* Repositories */ = {
			isa = PBXGroup;
			children = (
				012D54BB287BF8E2004ABFD5 /* SpotifyAuthRepository.swift */,
				01153769287C57A0003D663D /* SearchRepository.swift */,
			);
			path = Repositories;
			sourceTree = "<group>";
		};
		012D54B1287BF7C4004ABFD5 /* Services */ = {
			isa = PBXGroup;
			children = (
				012D54B9287BF8C7004ABFD5 /* NetworkServices.swift */,
			);
			path = Services;
			sourceTree = "<group>";
		};
		012D54B2287BF7CB004ABFD5 /* Core */ = {
			isa = PBXGroup;
			children = (
				012D54A8287BF780004ABFD5 /* APIClient.swift */,
				012D54AA287BF780004ABFD5 /* ClientError.swift */,
				012D54A6287BF780004ABFD5 /* MimeType.swift */,
				012D54A9287BF780004ABFD5 /* NetworkRouter.swift */,
				012D54A7287BF780004ABFD5 /* RetrieInterceptor.swift */,
			);
			path = Core;
			sourceTree = "<group>";
		};
		012D54BD287BFB0C004ABFD5 /* Models */ = {
			isa = PBXGroup;
			children = (
				012D54BE287BFB1E004ABFD5 /* UserInfoModel.swift */,
				0115375C287C4627003D663D /* TokenModel.swift */,
				0115376B287C5D1E003D663D /* SearchModel.swift */,
			);
			path = Models;
			sourceTree = "<group>";
		};
		012D54C4287BFCF3004ABFD5 /* Constants */ = {
			isa = PBXGroup;
			children = (
				012D54C5287BFD05004ABFD5 /* Constants.swift */,
			);
			path = Constants;
			sourceTree = "<group>";
		};
		0FAB55AB2670731AF8027B9E /* Frameworks */ = {
			isa = PBXGroup;
			children = (
				CB9925745D381F5C55B39B6F /* Pods_Spotifier.framework */,
			);
			name = Frameworks;
			sourceTree = "<group>";
		};
		519A73B223CF0798D2E9D881 /* Pods */ = {
			isa = PBXGroup;
			children = (
				5991B37FB89BBF9F8863030D /* Pods-Spotifier.debug.xcconfig */,
				F37A572C7E11CD2289D951AD /* Pods-Spotifier.release.xcconfig */,
			);
			path = Pods;
			sourceTree = "<group>";
		};
/* End PBXGroup section */

/* Begin PBXNativeTarget section */
		012D5485287BF2A7004ABFD5 /* Spotifier */ = {
			isa = PBXNativeTarget;
			buildConfigurationList = 012D549A287BF2A9004ABFD5 /* Build configuration list for PBXNativeTarget "Spotifier" */;
			buildPhases = (
				64DB9034284307A33108683E /* [CP] Check Pods Manifest.lock */,
				012D5482287BF2A7004ABFD5 /* Sources */,
				012D5483287BF2A7004ABFD5 /* Frameworks */,
				012D5484287BF2A7004ABFD5 /* Resources */,
				F42F8E5AEBF02E4EC20DE340 /* [CP] Embed Pods Frameworks */,
			);
			buildRules = (
			);
			dependencies = (
			);
			name = Spotifier;
			productName = Spotifier;
			productReference = 012D5486287BF2A7004ABFD5 /* Spotifier.app */;
			productType = "com.apple.product-type.application";
		};
/* End PBXNativeTarget section */

/* Begin PBXProject section */
		012D547E287BF2A7004ABFD5 /* Project object */ = {
			isa = PBXProject;
			attributes = {
				BuildIndependentTargetsInParallel = 1;
				LastSwiftUpdateCheck = 1340;
				LastUpgradeCheck = 1340;
				TargetAttributes = {
					012D5485287BF2A7004ABFD5 = {
						CreatedOnToolsVersion = 13.4.1;
					};
				};
			};
			buildConfigurationList = 012D5481287BF2A7004ABFD5 /* Build configuration list for PBXProject "Spotifier" */;
			compatibilityVersion = "Xcode 13.0";
			developmentRegion = en;
			hasScannedForEncodings = 0;
			knownRegions = (
				en,
				Base,
			);
			mainGroup = 012D547D287BF2A7004ABFD5;
			productRefGroup = 012D5487287BF2A7004ABFD5 /* Products */;
			projectDirPath = "";
			projectRoot = "";
			targets = (
				012D5485287BF2A7004ABFD5 /* Spotifier */,
			);
		};
/* End PBXProject section */

/* Begin PBXResourcesBuildPhase section */
		012D5484287BF2A7004ABFD5 /* Resources */ = {
			isa = PBXResourcesBuildPhase;
			buildActionMask = 2147483647;
			files = (
				012D5496287BF2A9004ABFD5 /* LaunchScreen.storyboard in Resources */,
				012D5493287BF2A9004ABFD5 /* Assets.xcassets in Resources */,
				01153765287C5390003D663D /* Search.storyboard in Resources */,
				012D5491287BF2A7004ABFD5 /* Main.storyboard in Resources */,
			);
			runOnlyForDeploymentPostprocessing = 0;
		};
/* End PBXResourcesBuildPhase section */

/* Begin PBXShellScriptBuildPhase section */
		64DB9034284307A33108683E /* [CP] Check Pods Manifest.lock */ = {
			isa = PBXShellScriptBuildPhase;
			buildActionMask = 2147483647;
			files = (
			);
			inputFileListPaths = (
			);
			inputPaths = (
				"${PODS_PODFILE_DIR_PATH}/Podfile.lock",
				"${PODS_ROOT}/Manifest.lock",
			);
			name = "[CP] Check Pods Manifest.lock";
			outputFileListPaths = (
			);
			outputPaths = (
				"$(DERIVED_FILE_DIR)/Pods-Spotifier-checkManifestLockResult.txt",
			);
			runOnlyForDeploymentPostprocessing = 0;
			shellPath = /bin/sh;
			shellScript = "diff \"${PODS_PODFILE_DIR_PATH}/Podfile.lock\" \"${PODS_ROOT}/Manifest.lock\" > /dev/null\nif [ $? != 0 ] ; then\n    # print error to STDERR\n    echo \"error: The sandbox is not in sync with the Podfile.lock. Run 'pod install' or update your CocoaPods installation.\" >&2\n    exit 1\nfi\n# This output is used by Xcode 'outputs' to avoid re-running this script phase.\necho \"SUCCESS\" > \"${SCRIPT_OUTPUT_FILE_0}\"\n";
			showEnvVarsInLog = 0;
		};
		F42F8E5AEBF02E4EC20DE340 /* [CP] Embed Pods Frameworks */ = {
			isa = PBXShellScriptBuildPhase;
			buildActionMask = 2147483647;
			files = (
			);
			inputFileListPaths = (
				"${PODS_ROOT}/Target Support Files/Pods-Spotifier/Pods-Spotifier-frameworks-${CONFIGURATION}-input-files.xcfilelist",
			);
			name = "[CP] Embed Pods Frameworks";
			outputFileListPaths = (
				"${PODS_ROOT}/Target Support Files/Pods-Spotifier/Pods-Spotifier-frameworks-${CONFIGURATION}-output-files.xcfilelist",
			);
			runOnlyForDeploymentPostprocessing = 0;
			shellPath = /bin/sh;
			shellScript = "\"${PODS_ROOT}/Target Support Files/Pods-Spotifier/Pods-Spotifier-frameworks.sh\"\n";
			showEnvVarsInLog = 0;
		};
/* End PBXShellScriptBuildPhase section */

/* Begin PBXSourcesBuildPhase section */
		012D5482287BF2A7004ABFD5 /* Sources */ = {
			isa = PBXSourcesBuildPhase;
			buildActionMask = 2147483647;
			files = (
				012D54C6287BFD05004ABFD5 /* Constants.swift in Sources */,
				012D54AC287BF780004ABFD5 /* RetrieInterceptor.swift in Sources */,
				012D54B6287BF821004ABFD5 /* UIView+Extensions.swift in Sources */,
				012D548A287BF2A7004ABFD5 /* AppDelegate.swift in Sources */,
				01153762287C4EA6003D663D /* BaseViewController.swift in Sources */,
				0115375F287C46A1003D663D /* String+Extensions.swift in Sources */,
				012D54C3287BFC75004ABFD5 /* AuthenticationViewModel.swift in Sources */,
				0115375B287C0F21003D663D /* AuthWebViewViewController.swift in Sources */,
				012D54BF287BFB1E004ABFD5 /* UserInfoModel.swift in Sources */,
				012D54B8287BF840004ABFD5 /* UITextfield+Extensions.swift in Sources */,
				01153767287C53A3003D663D /* SearchViewController.swift in Sources */,
				012D54BA287BF8C7004ABFD5 /* NetworkServices.swift in Sources */,
				012D54B4287BF804004ABFD5 /* UIViewController+Extensions.swift in Sources */,
				012D54AB287BF780004ABFD5 /* MimeType.swift in Sources */,
				0115376E287C6082003D663D /* SearchViewModel.swift in Sources */,
				0115375D287C4627003D663D /* TokenModel.swift in Sources */,
				012D54BC287BF8E2004ABFD5 /* SpotifyAuthRepository.swift in Sources */,
				012D54AF287BF780004ABFD5 /* ClientError.swift in Sources */,
				0115376C287C5D1E003D663D /* SearchModel.swift in Sources */,
				012D54AD287BF780004ABFD5 /* APIClient.swift in Sources */,
				0115376A287C57A0003D663D /* SearchRepository.swift in Sources */,
				01153759287C0F0D003D663D /* AuthenticationViewController.swift in Sources */,
				012D54AE287BF780004ABFD5 /* NetworkRouter.swift in Sources */,
			);
			runOnlyForDeploymentPostprocessing = 0;
		};
/* End PBXSourcesBuildPhase section */

/* Begin PBXVariantGroup section */
		012D548F287BF2A7004ABFD5 /* Main.storyboard */ = {
			isa = PBXVariantGroup;
			children = (
				012D5490287BF2A7004ABFD5 /* Base */,
			);
			name = Main.storyboard;
			sourceTree = "<group>";
		};
		012D5494287BF2A9004ABFD5 /* LaunchScreen.storyboard */ = {
			isa = PBXVariantGroup;
			children = (
				012D5495287BF2A9004ABFD5 /* Base */,
			);
			name = LaunchScreen.storyboard;
			sourceTree = "<group>";
		};
/* End PBXVariantGroup section */

/* Begin XCBuildConfiguration section */
		012D5498287BF2A9004ABFD5 /* Debug */ = {
			isa = XCBuildConfiguration;
			buildSettings = {
				ALWAYS_SEARCH_USER_PATHS = NO;
				CLANG_ANALYZER_NONNULL = YES;
				CLANG_ANALYZER_NUMBER_OBJECT_CONVERSION = YES_AGGRESSIVE;
				CLANG_CXX_LANGUAGE_STANDARD = "gnu++17";
				CLANG_ENABLE_MODULES = YES;
				CLANG_ENABLE_OBJC_ARC = YES;
				CLANG_ENABLE_OBJC_WEAK = YES;
				CLANG_WARN_BLOCK_CAPTURE_AUTORELEASING = YES;
				CLANG_WARN_BOOL_CONVERSION = YES;
				CLANG_WARN_COMMA = YES;
				CLANG_WARN_CONSTANT_CONVERSION = YES;
				CLANG_WARN_DEPRECATED_OBJC_IMPLEMENTATIONS = YES;
				CLANG_WARN_DIRECT_OBJC_ISA_USAGE = YES_ERROR;
				CLANG_WARN_DOCUMENTATION_COMMENTS = YES;
				CLANG_WARN_EMPTY_BODY = YES;
				CLANG_WARN_ENUM_CONVERSION = YES;
				CLANG_WARN_INFINITE_RECURSION = YES;
				CLANG_WARN_INT_CONVERSION = YES;
				CLANG_WARN_NON_LITERAL_NULL_CONVERSION = YES;
				CLANG_WARN_OBJC_IMPLICIT_RETAIN_SELF = YES;
				CLANG_WARN_OBJC_LITERAL_CONVERSION = YES;
				CLANG_WARN_OBJC_ROOT_CLASS = YES_ERROR;
				CLANG_WARN_QUOTED_INCLUDE_IN_FRAMEWORK_HEADER = YES;
				CLANG_WARN_RANGE_LOOP_ANALYSIS = YES;
				CLANG_WARN_STRICT_PROTOTYPES = YES;
				CLANG_WARN_SUSPICIOUS_MOVE = YES;
				CLANG_WARN_UNGUARDED_AVAILABILITY = YES_AGGRESSIVE;
				CLANG_WARN_UNREACHABLE_CODE = YES;
				CLANG_WARN__DUPLICATE_METHOD_MATCH = YES;
				COPY_PHASE_STRIP = NO;
				DEBUG_INFORMATION_FORMAT = dwarf;
				ENABLE_STRICT_OBJC_MSGSEND = YES;
				ENABLE_TESTABILITY = YES;
				GCC_C_LANGUAGE_STANDARD = gnu11;
				GCC_DYNAMIC_NO_PIC = NO;
				GCC_NO_COMMON_BLOCKS = YES;
				GCC_OPTIMIZATION_LEVEL = 0;
				GCC_PREPROCESSOR_DEFINITIONS = (
					"DEBUG=1",
					"$(inherited)",
				);
				GCC_WARN_64_TO_32_BIT_CONVERSION = YES;
				GCC_WARN_ABOUT_RETURN_TYPE = YES_ERROR;
				GCC_WARN_UNDECLARED_SELECTOR = YES;
				GCC_WARN_UNINITIALIZED_AUTOS = YES_AGGRESSIVE;
				GCC_WARN_UNUSED_FUNCTION = YES;
				GCC_WARN_UNUSED_VARIABLE = YES;
				IPHONEOS_DEPLOYMENT_TARGET = 15.5;
				MTL_ENABLE_DEBUG_INFO = INCLUDE_SOURCE;
				MTL_FAST_MATH = YES;
				ONLY_ACTIVE_ARCH = YES;
				SDKROOT = iphoneos;
				SWIFT_ACTIVE_COMPILATION_CONDITIONS = DEBUG;
				SWIFT_OPTIMIZATION_LEVEL = "-Onone";
			};
			name = Debug;
		};
		012D5499287BF2A9004ABFD5 /* Release */ = {
			isa = XCBuildConfiguration;
			buildSettings = {
				ALWAYS_SEARCH_USER_PATHS = NO;
				CLANG_ANALYZER_NONNULL = YES;
				CLANG_ANALYZER_NUMBER_OBJECT_CONVERSION = YES_AGGRESSIVE;
				CLANG_CXX_LANGUAGE_STANDARD = "gnu++17";
				CLANG_ENABLE_MODULES = YES;
				CLANG_ENABLE_OBJC_ARC = YES;
				CLANG_ENABLE_OBJC_WEAK = YES;
				CLANG_WARN_BLOCK_CAPTURE_AUTORELEASING = YES;
				CLANG_WARN_BOOL_CONVERSION = YES;
				CLANG_WARN_COMMA = YES;
				CLANG_WARN_CONSTANT_CONVERSION = YES;
				CLANG_WARN_DEPRECATED_OBJC_IMPLEMENTATIONS = YES;
				CLANG_WARN_DIRECT_OBJC_ISA_USAGE = YES_ERROR;
				CLANG_WARN_DOCUMENTATION_COMMENTS = YES;
				CLANG_WARN_EMPTY_BODY = YES;
				CLANG_WARN_ENUM_CONVERSION = YES;
				CLANG_WARN_INFINITE_RECURSION = YES;
				CLANG_WARN_INT_CONVERSION = YES;
				CLANG_WARN_NON_LITERAL_NULL_CONVERSION = YES;
				CLANG_WARN_OBJC_IMPLICIT_RETAIN_SELF = YES;
				CLANG_WARN_OBJC_LITERAL_CONVERSION = YES;
				CLANG_WARN_OBJC_ROOT_CLASS = YES_ERROR;
				CLANG_WARN_QUOTED_INCLUDE_IN_FRAMEWORK_HEADER = YES;
				CLANG_WARN_RANGE_LOOP_ANALYSIS = YES;
				CLANG_WARN_STRICT_PROTOTYPES = YES;
				CLANG_WARN_SUSPICIOUS_MOVE = YES;
				CLANG_WARN_UNGUARDED_AVAILABILITY = YES_AGGRESSIVE;
				CLANG_WARN_UNREACHABLE_CODE = YES;
				CLANG_WARN__DUPLICATE_METHOD_MATCH = YES;
				COPY_PHASE_STRIP = NO;
				DEBUG_INFORMATION_FORMAT = "dwarf-with-dsym";
				ENABLE_NS_ASSERTIONS = NO;
				ENABLE_STRICT_OBJC_MSGSEND = YES;
				GCC_C_LANGUAGE_STANDARD = gnu11;
				GCC_NO_COMMON_BLOCKS = YES;
				GCC_WARN_64_TO_32_BIT_CONVERSION = YES;
				GCC_WARN_ABOUT_RETURN_TYPE = YES_ERROR;
				GCC_WARN_UNDECLARED_SELECTOR = YES;
				GCC_WARN_UNINITIALIZED_AUTOS = YES_AGGRESSIVE;
				GCC_WARN_UNUSED_FUNCTION = YES;
				GCC_WARN_UNUSED_VARIABLE = YES;
				IPHONEOS_DEPLOYMENT_TARGET = 15.5;
				MTL_ENABLE_DEBUG_INFO = NO;
				MTL_FAST_MATH = YES;
				SDKROOT = iphoneos;
				SWIFT_COMPILATION_MODE = wholemodule;
				SWIFT_OPTIMIZATION_LEVEL = "-O";
				VALIDATE_PRODUCT = YES;
			};
			name = Release;
		};
		012D549B287BF2A9004ABFD5 /* Debug */ = {
			isa = XCBuildConfiguration;
			baseConfigurationReference = 5991B37FB89BBF9F8863030D /* Pods-Spotifier.debug.xcconfig */;
			buildSettings = {
				ASSETCATALOG_COMPILER_APPICON_NAME = AppIcon;
				ASSETCATALOG_COMPILER_GLOBAL_ACCENT_COLOR_NAME = AccentColor;
				CODE_SIGN_STYLE = Automatic;
				CURRENT_PROJECT_VERSION = 1;
				GENERATE_INFOPLIST_FILE = YES;
				INFOPLIST_FILE = Spotifier/Info.plist;
				INFOPLIST_KEY_UIApplicationSupportsIndirectInputEvents = YES;
				INFOPLIST_KEY_UILaunchStoryboardName = LaunchScreen;
				INFOPLIST_KEY_UISupportedInterfaceOrientations = UIInterfaceOrientationPortrait;
				INFOPLIST_KEY_UISupportedInterfaceOrientations_iPad = "UIInterfaceOrientationPortrait UIInterfaceOrientationPortraitUpsideDown UIInterfaceOrientationLandscapeLeft UIInterfaceOrientationLandscapeRight";
				INFOPLIST_KEY_UISupportedInterfaceOrientations_iPhone = "UIInterfaceOrientationPortrait UIInterfaceOrientationLandscapeLeft UIInterfaceOrientationLandscapeRight";
				LD_RUNPATH_SEARCH_PATHS = (
					"$(inherited)",
					"@executable_path/Frameworks",
				);
				MARKETING_VERSION = 1.0;
				PRODUCT_BUNDLE_IDENTIFIER = com.siamak.Spotifier;
				PRODUCT_NAME = "$(TARGET_NAME)";
				SWIFT_EMIT_LOC_STRINGS = YES;
				SWIFT_VERSION = 5.0;
				TARGETED_DEVICE_FAMILY = 1;
			};
			name = Debug;
		};
		012D549C287BF2A9004ABFD5 /* Release */ = {
			isa = XCBuildConfiguration;
			baseConfigurationReference = F37A572C7E11CD2289D951AD /* Pods-Spotifier.release.xcconfig */;
			buildSettings = {
				ASSETCATALOG_COMPILER_APPICON_NAME = AppIcon;
				ASSETCATALOG_COMPILER_GLOBAL_ACCENT_COLOR_NAME = AccentColor;
				CODE_SIGN_STYLE = Automatic;
				CURRENT_PROJECT_VERSION = 1;
				GENERATE_INFOPLIST_FILE = YES;
				INFOPLIST_FILE = Spotifier/Info.plist;
				INFOPLIST_KEY_UIApplicationSupportsIndirectInputEvents = YES;
				INFOPLIST_KEY_UILaunchStoryboardName = LaunchScreen;
				INFOPLIST_KEY_UISupportedInterfaceOrientations = UIInterfaceOrientationPortrait;
				INFOPLIST_KEY_UISupportedInterfaceOrientations_iPad = "UIInterfaceOrientationPortrait UIInterfaceOrientationPortraitUpsideDown UIInterfaceOrientationLandscapeLeft UIInterfaceOrientationLandscapeRight";
				INFOPLIST_KEY_UISupportedInterfaceOrientations_iPhone = "UIInterfaceOrientationPortrait UIInterfaceOrientationLandscapeLeft UIInterfaceOrientationLandscapeRight";
				LD_RUNPATH_SEARCH_PATHS = (
					"$(inherited)",
					"@executable_path/Frameworks",
				);
				MARKETING_VERSION = 1.0;
				PRODUCT_BUNDLE_IDENTIFIER = com.siamak.Spotifier;
				PRODUCT_NAME = "$(TARGET_NAME)";
				SWIFT_EMIT_LOC_STRINGS = YES;
				SWIFT_VERSION = 5.0;
				TARGETED_DEVICE_FAMILY = 1;
			};
			name = Release;
		};
/* End XCBuildConfiguration section */

/* Begin XCConfigurationList section */
		012D5481287BF2A7004ABFD5 /* Build configuration list for PBXProject "Spotifier" */ = {
			isa = XCConfigurationList;
			buildConfigurations = (
				012D5498287BF2A9004ABFD5 /* Debug */,
				012D5499287BF2A9004ABFD5 /* Release */,
			);
			defaultConfigurationIsVisible = 0;
			defaultConfigurationName = Release;
		};
		012D549A287BF2A9004ABFD5 /* Build configuration list for PBXNativeTarget "Spotifier" */ = {
			isa = XCConfigurationList;
			buildConfigurations = (
				012D549B287BF2A9004ABFD5 /* Debug */,
				012D549C287BF2A9004ABFD5 /* Release */,
			);
			defaultConfigurationIsVisible = 0;
			defaultConfigurationName = Release;
		};
/* End XCConfigurationList section */
	};
	rootObject = 012D547E287BF2A7004ABFD5 /* Project object */;
}
